// !$*UTF8*$!
{
	archiveVersion = 1;
	classes = {
	};
	objectVersion = 46;
	objects = {

/* Begin PBXBuildFile section */
		F4D283C31C785B66008980F8 /* AppDelegate.swift in Sources */ = {isa = PBXBuildFile; fileRef = F4D283C21C785B66008980F8 /* AppDelegate.swift */; };
		F4D283C51C785B66008980F8 /* FirstViewController.swift in Sources */ = {isa = PBXBuildFile; fileRef = F4D283C41C785B66008980F8 /* FirstViewController.swift */; };
		F4D283C71C785B66008980F8 /* SecondViewController.swift in Sources */ = {isa = PBXBuildFile; fileRef = F4D283C61C785B66008980F8 /* SecondViewController.swift */; };
		F4D283CA1C785B66008980F8 /* Main.storyboard in Resources */ = {isa = PBXBuildFile; fileRef = F4D283C81C785B66008980F8 /* Main.storyboard */; };
		F4D283CC1C785B66008980F8 /* Images.xcassets in Resources */ = {isa = PBXBuildFile; fileRef = F4D283CB1C785B66008980F8 /* Images.xcassets */; };
		F4D283CF1C785B66008980F8 /* LaunchScreen.xib in Resources */ = {isa = PBXBuildFile; fileRef = F4D283CD1C785B66008980F8 /* LaunchScreen.xib */; };
		F4D283DB1C785B67008980F8 /* stepUPTests.swift in Sources */ = {isa = PBXBuildFile; fileRef = F4D283DA1C785B67008980F8 /* stepUPTests.swift */; };
/* End PBXBuildFile section */

/* Begin PBXContainerItemProxy section */
		F4D283D51C785B67008980F8 /* PBXContainerItemProxy */ = {
			isa = PBXContainerItemProxy;
			containerPortal = F4D283B51C785B66008980F8 /* Project object */;
			proxyType = 1;
			remoteGlobalIDString = F4D283BC1C785B66008980F8;
			remoteInfo = stepUP;
		};
/* End PBXContainerItemProxy section */

/* Begin PBXFileReference section */
		F4D283BD1C785B66008980F8 /* stepUP.app */ = {isa = PBXFileReference; explicitFileType = wrapper.application; includeInIndex = 0; path = stepUP.app; sourceTree = BUILT_PRODUCTS_DIR; };
		F4D283C11C785B66008980F8 /* Info.plist */ = {isa = PBXFileReference; lastKnownFileType = text.plist.xml; path = Info.plist; sourceTree = "<group>"; };
		F4D283C21C785B66008980F8 /* AppDelegate.swift */ = {isa = PBXFileReference; lastKnownFileType = sourcecode.swift; path = AppDelegate.swift; sourceTree = "<group>"; };
		F4D283C41C785B66008980F8 /* FirstViewController.swift */ = {isa = PBXFileReference; lastKnownFileType = sourcecode.swift; path = FirstViewController.swift; sourceTree = "<group>"; };
		F4D283C61C785B66008980F8 /* SecondViewController.swift */ = {isa = PBXFileReference; lastKnownFileType = sourcecode.swift; path = SecondViewController.swift; sourceTree = "<group>"; };
		F4D283C91C785B66008980F8 /* Base */ = {isa = PBXFileReference; lastKnownFileType = file.storyboard; name = Base; path = Base.lproj/Main.storyboard; sourceTree = "<group>"; };
		F4D283CB1C785B66008980F8 /* Images.xcassets */ = {isa = PBXFileReference; lastKnownFileType = folder.assetcatalog; path = Images.xcassets; sourceTree = "<group>"; };
		F4D283CE1C785B66008980F8 /* Base */ = {isa = PBXFileReference; lastKnownFileType = file.xib; name = Base; path = Base.lproj/LaunchScreen.xib; sourceTree = "<group>"; };
		F4D283D41C785B67008980F8 /* stepUPTests.xctest */ = {isa = PBXFileReference; explicitFileType = wrapper.cfbundle; includeInIndex = 0; path = stepUPTests.xctest; sourceTree = BUILT_PRODUCTS_DIR; };
		F4D283D91C785B67008980F8 /* Info.plist */ = {isa = PBXFileReference; lastKnownFileType = text.plist.xml; path = Info.plist; sourceTree = "<group>"; };
		F4D283DA1C785B67008980F8 /* stepUPTests.swift */ = {isa = PBXFileReference; lastKnownFileType = sourcecode.swift; path = stepUPTests.swift; sourceTree = "<group>"; };
/* End PBXFileReference section */

/* Begin PBXFrameworksBuildPhase section */
		F4D283BA1C785B66008980F8 /* Frameworks */ = {
			isa = PBXFrameworksBuildPhase;
			buildActionMask = 2147483647;
			files = (
			);
			runOnlyForDeploymentPostprocessing = 0;
		};
		F4D283D11C785B67008980F8 /* Frameworks */ = {
			isa = PBXFrameworksBuildPhase;
			buildActionMask = 2147483647;
			files = (
			);
			runOnlyForDeploymentPostprocessing = 0;
		};
/* End PBXFrameworksBuildPhase section */

/* Begin PBXGroup section */
		F4D283B41C785B66008980F8 = {
			isa = PBXGroup;
			children = (
				F4D283BF1C785B66008980F8 /* stepUP */,
				F4D283D71C785B67008980F8 /* stepUPTests */,
				F4D283BE1C785B66008980F8 /* Products */,
			);
			sourceTree = "<group>";
		};
		F4D283BE1C785B66008980F8 /* Products */ = {
			isa = PBXGroup;
			children = (
				F4D283BD1C785B66008980F8 /* stepUP.app */,
				F4D283D41C785B67008980F8 /* stepUPTests.xctest */,
			);
			name = Products;
			sourceTree = "<group>";
		};
		F4D283BF1C785B66008980F8 /* stepUP */ = {
			isa = PBXGroup;
			children = (
				F4D283C21C785B66008980F8 /* AppDelegate.swift */,
				F4D283C41C785B66008980F8 /* FirstViewController.swift */,
				F4D283C61C785B66008980F8 /* SecondViewController.swift */,
				F4D283C81C785B66008980F8 /* Main.storyboard */,
				F4D283CB1C785B66008980F8 /* Images.xcassets */,
				F4D283CD1C785B66008980F8 /* LaunchScreen.xib */,
				F4D283C01C785B66008980F8 /* Supporting Files */,
			);
			path = stepUP;
			sourceTree = "<group>";
		};
		F4D283C01C785B66008980F8 /* Supporting Files */ = {
			isa = PBXGroup;
			children = (
				F4D283C11C785B66008980F8 /* Info.plist */,
			);
			name = "Supporting Files";
			sourceTree = "<group>";
		};
		F4D283D71C785B67008980F8 /* stepUPTests */ = {
			isa = PBXGroup;
			children = (
				F4D283DA1C785B67008980F8 /* stepUPTests.swift */,
				F4D283D81C785B67008980F8 /* Supporting Files */,
			);
			path = stepUPTests;
			sourceTree = "<group>";
		};
		F4D283D81C785B67008980F8 /* Supporting Files */ = {
			isa = PBXGroup;
			children = (
				F4D283D91C785B67008980F8 /* Info.plist */,
			);
			name = "Supporting Files";
			sourceTree = "<group>";
		};
/* End PBXGroup section */

/* Begin PBXNativeTarget section */
		F4D283BC1C785B66008980F8 /* stepUP */ = {
			isa = PBXNativeTarget;
			buildConfigurationList = F4D283DE1C785B67008980F8 /* Build configuration list for PBXNativeTarget "stepUP" */;
			buildPhases = (
				F4D283B91C785B66008980F8 /* Sources */,
				F4D283BA1C785B66008980F8 /* Frameworks */,
				F4D283BB1C785B66008980F8 /* Resources */,
			);
			buildRules = (
			);
			dependencies = (
			);
			name = stepUP;
			productName = stepUP;
			productReference = F4D283BD1C785B66008980F8 /* stepUP.app */;
			productType = "com.apple.product-type.application";
		};
		F4D283D31C785B67008980F8 /* stepUPTests */ = {
			isa = PBXNativeTarget;
			buildConfigurationList = F4D283E11C785B67008980F8 /* Build configuration list for PBXNativeTarget "stepUPTests" */;
			buildPhases = (
				F4D283D01C785B67008980F8 /* Sources */,
				F4D283D11C785B67008980F8 /* Frameworks */,
				F4D283D21C785B67008980F8 /* Resources */,
			);
			buildRules = (
			);
			dependencies = (
				F4D283D61C785B67008980F8 /* PBXTargetDependency */,
			);
			name = stepUPTests;
			productName = stepUPTests;
			productReference = F4D283D41C785B67008980F8 /* stepUPTests.xctest */;
			productType = "com.apple.product-type.bundle.unit-test";
		};
/* End PBXNativeTarget section */

/* Begin PBXProject section */
		F4D283B51C785B66008980F8 /* Project object */ = {
			isa = PBXProject;
			attributes = {
				LastSwiftUpdateCheck = 0710;
				LastUpgradeCheck = 0640;
				ORGANIZATIONNAME = "Jing LENG";
				TargetAttributes = {
					F4D283BC1C785B66008980F8 = {
						CreatedOnToolsVersion = 6.4;
					};
					F4D283D31C785B67008980F8 = {
						CreatedOnToolsVersion = 6.4;
						TestTargetID = F4D283BC1C785B66008980F8;
					};
				};
			};
			buildConfigurationList = F4D283B81C785B66008980F8 /* Build configuration list for PBXProject "stepUP" */;
			compatibilityVersion = "Xcode 3.2";
			developmentRegion = English;
			hasScannedForEncodings = 0;
			knownRegions = (
				en,
				Base,
			);
			mainGroup = F4D283B41C785B66008980F8;
			productRefGroup = F4D283BE1C785B66008980F8 /* Products */;
			projectDirPath = "";
			projectRoot = "";
			targets = (
				F4D283BC1C785B66008980F8 /* stepUP */,
				F4D283D31C785B67008980F8 /* stepUPTests */,
			);
		};
/* End PBXProject section */

/* Begin PBXResourcesBuildPhase section */
		F4D283BB1C785B66008980F8 /* Resources */ = {
			isa = PBXResourcesBuildPhase;
			buildActionMask = 2147483647;
			files = (
				F4D283CA1C785B66008980F8 /* Main.storyboard in Resources */,
				F4D283CF1C785B66008980F8 /* LaunchScreen.xib in Resources */,
				F4D283CC1C785B66008980F8 /* Images.xcassets in Resources */,
			);
			runOnlyForDeploymentPostprocessing = 0;
		};
		F4D283D21C785B67008980F8 /* Resources */ = {
			isa = PBXResourcesBuildPhase;
			buildActionMask = 2147483647;
			files = (
			);
			runOnlyForDeploymentPostprocessing = 0;
		};
/* End PBXResourcesBuildPhase section */

/* Begin PBXSourcesBuildPhase section */
		F4D283B91C785B66008980F8 /* Sources */ = {
			isa = PBXSourcesBuildPhase;
			buildActionMask = 2147483647;
			files = (
				F4D283C71C785B66008980F8 /* SecondViewController.swift in Sources */,
				F4D283C31C785B66008980F8 /* AppDelegate.swift in Sources */,
				F4D283C51C785B66008980F8 /* FirstViewController.swift in Sources */,
			);
			runOnlyForDeploymentPostprocessing = 0;
		};
		F4D283D01C785B67008980F8 /* Sources */ = {
			isa = PBXSourcesBuildPhase;
			buildActionMask = 2147483647;
			files = (
				F4D283DB1C785B67008980F8 /* stepUPTests.swift in Sources */,
			);
			runOnlyForDeploymentPostprocessing = 0;
		};
/* End PBXSourcesBuildPhase section */

/* Begin PBXTargetDependency section */
		F4D283D61C785B67008980F8 /* PBXTargetDependency */ = {
			isa = PBXTargetDependency;
			target = F4D283BC1C785B66008980F8 /* stepUP */;
			targetProxy = F4D283D51C785B67008980F8 /* PBXContainerItemProxy */;
		};
/* End PBXTargetDependency section */

/* Begin PBXVariantGroup section */
		F4D283C81C785B66008980F8 /* Main.storyboard */ = {
			isa = PBXVariantGroup;
			children = (
				F4D283C91C785B66008980F8 /* Base */,
			);
			name = Main.storyboard;
			sourceTree = "<group>";
		};
		F4D283CD1C785B66008980F8 /* LaunchScreen.xib */ = {
			isa = PBXVariantGroup;
			children = (
				F4D283CE1C785B66008980F8 /* Base */,
			);
			name = LaunchScreen.xib;
			sourceTree = "<group>";
		};
/* End PBXVariantGroup section */

/* Begin XCBuildConfiguration section */
		F4D283DC1C785B67008980F8 /* Debug */ = {
			isa = XCBuildConfiguration;
			buildSettings = {
				ALWAYS_SEARCH_USER_PATHS = NO;
				CLANG_CXX_LANGUAGE_STANDARD = "gnu++0x";
				CLANG_CXX_LIBRARY = "libc++";
				CLANG_ENABLE_MODULES = YES;
				CLANG_ENABLE_OBJC_ARC = YES;
				CLANG_WARN_BOOL_CONVERSION = YES;
				CLANG_WARN_CONSTANT_CONVERSION = YES;
				CLANG_WARN_DIRECT_OBJC_ISA_USAGE = YES_ERROR;
				CLANG_WARN_EMPTY_BODY = YES;
				CLANG_WARN_ENUM_CONVERSION = YES;
				CLANG_WARN_INT_CONVERSION = YES;
				CLANG_WARN_OBJC_ROOT_CLASS = YES_ERROR;
				CLANG_WARN_UNREACHABLE_CODE = YES;
				CLANG_WARN__DUPLICATE_METHOD_MATCH = YES;
				"CODE_SIGN_IDENTITY[sdk=iphoneos*]" = "iPhone Developer";
				COPY_PHASE_STRIP = NO;
				DEBUG_INFORMATION_FORMAT = "dwarf-with-dsym";
				ENABLE_STRICT_OBJC_MSGSEND = YES;
				GCC_C_LANGUAGE_STANDARD = gnu99;
				GCC_DYNAMIC_NO_PIC = NO;
				GCC_NO_COMMON_BLOCKS = YES;
				GCC_OPTIMIZATION_LEVEL = 0;
				GCC_PREPROCESSOR_DEFINITIONS = (
					"DEBUG=1",
					"$(inherited)",
				);
				GCC_SYMBOLS_PRIVATE_EXTERN = NO;
				GCC_WARN_64_TO_32_BIT_CONVERSION = YES;
				GCC_WARN_ABOUT_RETURN_TYPE = YES_ERROR;
				GCC_WARN_UNDECLARED_SELECTOR = YES;
				GCC_WARN_UNINITIALIZED_AUTOS = YES_AGGRESSIVE;
				GCC_WARN_UNUSED_FUNCTION = YES;
				GCC_WARN_UNUSED_VARIABLE = YES;
				IPHONEOS_DEPLOYMENT_TARGET = 8.4;
				MTL_ENABLE_DEBUG_INFO = YES;
				ONLY_ACTIVE_ARCH = YES;
				SDKROOT = iphoneos;
				SWIFT_OPTIMIZATION_LEVEL = "-Onone";
			};
			name = Debug;
		};
		F4D283DD1C785B67008980F8 /* Release */ = {
			isa = XCBuildConfiguration;
			buildSettings = {
				ALWAYS_SEARCH_USER_PATHS = NO;
				CLANG_CXX_LANGUAGE_STANDARD = "gnu++0x";
				CLANG_CXX_LIBRARY = "libc++";
				CLANG_ENABLE_MODULES = YES;
				CLANG_ENABLE_OBJC_ARC = YES;
				CLANG_WARN_BOOL_CONVERSION = YES;
				CLANG_WARN_CONSTANT_CONVERSION = YES;
				CLANG_WARN_DIRECT_OBJC_ISA_USAGE = YES_ERROR;
				CLANG_WARN_EMPTY_BODY = YES;
				CLANG_WARN_ENUM_CONVERSION = YES;
				CLANG_WARN_INT_CONVERSION = YES;
				CLANG_WARN_OBJC_ROOT_CLASS = YES_ERROR;
				CLANG_WARN_UNREACHABLE_CODE = YES;
				CLANG_WARN__DUPLICATE_METHOD_MATCH = YES;
				"CODE_SIGN_IDENTITY[sdk=iphoneos*]" = "iPhone Developer";
				COPY_PHASE_STRIP = NO;
				DEBUG_INFORMATION_FORMAT = "dwarf-with-dsym";
				ENABLE_NS_ASSERTIONS = NO;
				ENABLE_STRICT_OBJC_MSGSEND = YES;
				GCC_C_LANGUAGE_STANDARD = gnu99;
				GCC_NO_COMMON_BLOCKS = YES;
				GCC_WARN_64_TO_32_BIT_CONVERSION = YES;
				GCC_WARN_ABOUT_RETURN_TYPE = YES_ERROR;
				GCC_WARN_UNDECLARED_SELECTOR = YES;
				GCC_WARN_UNINITIALIZED_AUTOS = YES_AGGRESSIVE;
				GCC_WARN_UNUSED_FUNCTION = YES;
				GCC_WARN_UNUSED_VARIABLE = YES;
				IPHONEOS_DEPLOYMENT_TARGET = 8.4;
				MTL_ENABLE_DEBUG_INFO = NO;
				SDKROOT = iphoneos;
				VALIDATE_PRODUCT = YES;
			};
			name = Release;
		};
		F4D283DF1C785B67008980F8 /* Debug */ = {
			isa = XCBuildConfiguration;
			buildSettings = {
				ASSETCATALOG_COMPILER_APPICON_NAME = AppIcon;
				INFOPLIST_FILE = stepUP/Info.plist;
				LD_RUNPATH_SEARCH_PATHS = "$(inherited) @executable_path/Frameworks";
				PRODUCT_NAME = "$(TARGET_NAME)";
			};
			name = Debug;
		};
		F4D283E01C785B67008980F8 /* Release */ = {
			isa = XCBuildConfiguration;
			buildSettings = {
				ASSETCATALOG_COMPILER_APPICON_NAME = AppIcon;
				INFOPLIST_FILE = stepUP/Info.plist;
				LD_RUNPATH_SEARCH_PATHS = "$(inherited) @executable_path/Frameworks";
				PRODUCT_NAME = "$(TARGET_NAME)";
			};
			name = Release;
		};
		F4D283E21C785B67008980F8 /* Debug */ = {
			isa = XCBuildConfiguration;
			buildSettings = {
				BUNDLE_LOADER = "$(TEST_HOST)";
				FRAMEWORK_SEARCH_PATHS = (
					"$(SDKROOT)/Developer/Library/Frameworks",
					"$(inherited)",
				);
				GCC_PREPROCESSOR_DEFINITIONS = (
					"DEBUG=1",
					"$(inherited)",
				);
				INFOPLIST_FILE = stepUPTests/Info.plist;
				LD_RUNPATH_SEARCH_PATHS = "$(inherited) @executable_path/Frameworks @loader_path/Frameworks";
				PRODUCT_NAME = "$(TARGET_NAME)";
				TEST_HOST = "$(BUILT_PRODUCTS_DIR)/stepUP.app/stepUP";
			};
			name = Debug;
		};
		F4D283E31C785B67008980F8 /* Release */ = {
			isa = XCBuildConfiguration;
			buildSettings = {
				BUNDLE_LOADER = "$(TEST_HOST)";
				FRAMEWORK_SEARCH_PATHS = (
					"$(SDKROOT)/Developer/Library/Frameworks",
					"$(inherited)",
				);
				INFOPLIST_FILE = stepUPTests/Info.plist;
				LD_RUNPATH_SEARCH_PATHS = "$(inherited) @executable_path/Frameworks @loader_path/Frameworks";
				PRODUCT_NAME = "$(TARGET_NAME)";
				TEST_HOST = "$(BUILT_PRODUCTS_DIR)/stepUP.app/stepUP";
			};
			name = Release;
		};
/* End XCBuildConfiguration section */

/* Begin XCConfigurationList section */
		F4D283B81C785B66008980F8 /* Build configuration list for PBXProject "stepUP" */ = {
			isa = XCConfigurationList;
			buildConfigurations = (
				F4D283DC1C785B67008980F8 /* Debug */,
				F4D283DD1C785B67008980F8 /* Release */,
			);
			defaultConfigurationIsVisible = 0;
			defaultConfigurationName = Release;
		};
		F4D283DE1C785B67008980F8 /* Build configuration list for PBXNativeTarget "stepUP" */ = {
			isa = XCConfigurationList;
			buildConfigurations = (
				F4D283DF1C785B67008980F8 /* Debug */,
				F4D283E01C785B67008980F8 /* Release */,
			);
			defaultConfigurationIsVisible = 0;
			defaultConfigurationName = Release;
		};
		F4D283E11C785B67008980F8 /* Build configuration list for PBXNativeTarget "stepUPTests" */ = {
			isa = XCConfigurationList;
			buildConfigurations = (
				F4D283E21C785B67008980F8 /* Debug */,
				F4D283E31C785B67008980F8 /* Release */,
			);
			defaultConfigurationIsVisible = 0;
			defaultConfigurationName = Release;
		};
/* End XCConfigurationList section */
	};
	rootObject = F4D283B51C785B66008980F8 /* Project object */;
}
